%{"bson": {:git, "git://github.com/soundrop/bson-erlang", "3e6d7d5c58935768104f38bf9df96f213e139df9", [ref: "HEAD"]},
  "cowboy": {:package, "1.0.0"},
  "cowlib": {:package, "1.0.0"},
  "elixir-mongo": {:git, "git://github.com/checkiz/elixir-mongo.git", "39bb5721e047fd77de169dfaf0f6864493d24e97", []},
  "emongo": {:git, "git://github.com/jkvor/emongo.git", "ded0c8cb7c463c032fd8d89c15ba2172d1aceb07", []},
  "erlmongo": {:git, "git://github.com/SergejJurecko/erlmongo.git", "635a3657cc6c42babc10c5f3116afe726054300a", []},
  "inflex": {:package, "0.2.4"},
  "jazz": {:package, "0.2.0"},
  "json": {:package, "0.3.0"},
  "linguist": {:package, "0.1.1"},
  "mongodb": {:git, "git://github.com/comtihon/mongodb-erlang.git", "02bd61f27c54503f86015334b10a04bfa91698c0", []},
  "mongodb-erlang": {:git, "git://github.com/comtihon/mongodb-erlang.git", "02bd61f27c54503f86015334b10a04bfa91698c0", []},
  "mongoex": {:git, "git://github.com/mururu/mongoex.git", "de58649150a408f6ac3a97fe9b14870173e4dc4a", []},
  "phoenix": {:git, "git://github.com/phoenixframework/phoenix.git", "c2daf480a5c34564e0680ea4d338a7ae7f27c1dd", []},
  "plug": {:package, "0.5.3"},
  "ranch": {:package, "1.0.0"}}
